# This file is generated by running "yarn install" inside your project.
# Manual changes might be lost - proceed with caution!

__metadata:
  version: 8
  cacheKey: 10c0

"@babel/generator@npm:^7.28.5":
  version: 7.29.7
  resolution: "@babel/generator@npm:7.29.7"
  dependencies:
    "@babel/parser": "npm:^7.29.7"
    "@babel/types": "npm:^7.29.7"
    "@jridgewell/gen-mapping": "npm:^0.3.12"
    "@jridgewell/trace-mapping": "npm:^0.3.28"
    jsesc: "npm:^3.0.2"
  checksum: 10c0/9bf72b01b5bd0ea5b1288a0e37dbd360bff2f2b1ce73342c0d40fb3db2ec3dc004ada5ffa925c5e12939a416eed59e600d562b8ecd938ce0d27dfd0eb6c6c2b7
  languageName: node
  linkType: hard

"@babel/helper-string-parser@npm:^7.29.7":
  version: 7.29.7
  resolution: "@babel/helper-string-parser@npm:7.29.7"
  checksum: 10c0/194bc0f1716e396d5ffde56ad6119745fb9557662c98611590e5e454906783a4ccb21ce93056b8eb69a4909044834e45d96e50ac695bbe9e3221648fe033c06c
  languageName: node
  linkType: hard

"@babel/helper-validator-identifier@npm:^7.29.7":
  version: 7.29.7
  resolution: "@babel/helper-validator-identifier@npm:7.29.7"
  checksum: 10c0/4795354e7ae0dcafa72de1cd04ec51252dc1498517170beaf019e03effc5b7bf13c6b21a3949a77e07b8125be7f106ed1131350d8ebd4566ae874094a726d62b
  languageName: node
  linkType: hard

"@babel/parser@npm:^7.28.5, @babel/parser@npm:^7.29.7":
  version: 7.29.7
  resolution: "@babel/parser@npm:7.29.7"
  dependencies:
    "@babel/types": "npm:^7.29.7"
  bin:
    parser: ./bin/babel-parser.js
  checksum: 10c0/65133038f80b54a714d6027cb77cee3f9a6b5c4c6842ce674301e13947cbcbfa8055e63acaf1b84c085d34226a14425b2c2b97b829e0e226d2e8f1299942a51d
  languageName: node
  linkType: hard

"@babel/types@npm:^7.28.5, @babel/types@npm:^7.29.7":
  version: 7.29.7
  resolution: "@babel/types@npm:7.29.7"
  dependencies:
    "@babel/helper-string-parser": "npm:^7.29.7"
    "@babel/helper-validator-identifier": "npm:^7.29.7"
  checksum: 10c0/b6623994c69717fa27294f5fa46d59140338e2d86c6c1c13085c84ef7d53086ee357fbf4fe9abe3dd3da75734dc77c4c0df2f90fb29e667558bb3b3fb705e88f
  languageName: node
  linkType: hard

"@jridgewell/gen-mapping@npm:^0.3.12":
  version: 0.3.13
  resolution: "@jridgewell/gen-mapping@npm:0.3.13"
  dependencies:
    "@jridgewell/sourcemap-codec": "npm:^1.5.0"
    "@jridgewell/trace-mapping": "npm:^0.3.24"
  checksum: 10c0/9a7d65fb13bd9aec1fbab74cda08496839b7e2ceb31f5ab922b323e94d7c481ce0fc4fd7e12e2610915ed8af51178bdc61e168e92a8c8b8303b030b03489b13b
  languageName: node
  linkType: hard

"@jridgewell/resolve-uri@npm:^3.1.0":
  version: 3.1.2
  resolution: "@jridgewell/resolve-uri@npm:3.1.2"
  checksum: 10c0/d502e6fb516b35032331406d4e962c21fe77cdf1cbdb49c6142bcbd9e30507094b18972778a6e27cbad756209cfe34b1a27729e6fa08a2eb92b33943f680cf1e
  languageName: node
  linkType: hard

"@jridgewell/sourcemap-codec@npm:^1.4.14, @jridgewell/sourcemap-codec@npm:^1.5.0, @jridgewell/sourcemap-codec@npm:^1.5.5":
  version: 1.5.5
  resolution: "@jridgewell/sourcemap-codec@npm:1.5.5"
  checksum: 10c0/f9e538f302b63c0ebc06eecb1dd9918dd4289ed36147a0ddce35d6ea4d7ebbda243cda7b2213b6a5e1d8087a298d5cf630fb2bd39329cdecb82017023f6081a0
  languageName: node
  linkType: hard

"@jridgewell/trace-mapping@npm:^0.3.24, @jridgewell/trace-mapping@npm:^0.3.28":
  version: 0.3.31
  resolution: "@jridgewell/trace-mapping@npm:0.3.31"
  dependencies:
    "@jridgewell/resolve-uri": "npm:^3.1.0"
    "@jridgewell/sourcemap-codec": "npm:^1.4.14"
  checksum: 10c0/4b30ec8cd56c5fd9a661f088230af01e0c1a3888d11ffb6b47639700f71225be21d1f7e168048d6d4f9449207b978a235c07c8f15c07705685d16dc06280e9d9
  languageName: node
  linkType: hard

"@napi-rs/wasm-runtime@npm:^1.0.7":
  version: 1.1.4
  resolution: "@napi-rs/wasm-runtime@npm:1.1.4"
  dependencies:
    "@tybys/wasm-util": "npm:^0.10.1"
  peerDependencies:
    "@emnapi/core": ^1.7.1
    "@emnapi/runtime": ^1.7.1
  checksum: 10c0/2e88e1955258949ccf2d18c79975821ad38071b465ef126a5e14110977b97868867b016c1ad046e963cccc42c0bd9db6c8ff5fd1ebb61b87bb3487f339041658
  languageName: node
  linkType: hard

"@oxc-project/types@npm:=0.95.0":
  version: 0.95.0
  resolution: "@oxc-project/types@npm:0.95.0"
  checksum: 10c0/3ab486ff14eaa87d0b7d84763db001791e9d103281eefa87934c0d46d7fd721b83fc4b72ad3435a1974ecba04c2e902ce249cb664e16d58e691a438acd26dd4b
  languageName: node
  linkType: hard

"@quansync/fs@npm:^1.0.0":
  version: 1.0.0
  resolution: "@quansync/fs@npm:1.0.0"
  dependencies:
    quansync: "npm:^1.0.0"
  checksum: 10c0/41a7e145d4fc349eaeac20ee7ffe0c876a7c26b2268d5704b462b3e7379091221336e315b2b346d5b07a531502a41cad15c9f374800cc60b6339d074ef99aa16
  languageName: node
  linkType: hard

"@rolldown/binding-android-arm64@npm:1.0.0-beta.45":
  version: 1.0.0-beta.45
  resolution: "@rolldown/binding-android-arm64@npm:1.0.0-beta.45"
  conditions: os=android & cpu=arm64
  languageName: node
  linkType: hard

"@rolldown/binding-darwin-arm64@npm:1.0.0-beta.45":
  version: 1.0.0-beta.45
  resolution: "@rolldown/binding-darwin-arm64@npm:1.0.0-beta.45"
  conditions: os=darwin & cpu=arm64
  languageName: node
  linkType: hard

"@rolldown/binding-darwin-x64@npm:1.0.0-beta.45":
  version: 1.0.0-beta.45
  resolution: "@rolldown/binding-darwin-x64@npm:1.0.0-beta.45"
  conditions: os=darwin & cpu=x64
  languageName: node
  linkType: hard

"@rolldown/binding-freebsd-x64@npm:1.0.0-beta.45":
  version: 1.0.0-beta.45
  resolution: "@rolldown/binding-freebsd-x64@npm:1.0.0-beta.45"
  conditions: os=freebsd & cpu=x64
  languageName: node
  linkType: hard

"@rolldown/binding-linux-arm-gnueabihf@npm:1.0.0-beta.45":
  version: 1.0.0-beta.45
  resolution: "@rolldown/binding-linux-arm-gnueabihf@npm:1.0.0-beta.45"
  conditions: os=linux & cpu=arm
  languageName: node
  linkType: hard

"@rolldown/binding-linux-arm64-gnu@npm:1.0.0-beta.45":
  version: 1.0.0-beta.45
  resolution: "@rolldown/binding-linux-arm64-gnu@npm:1.0.0-beta.45"
  conditions: os=linux & cpu=arm64 & libc=glibc
  languageName: node
  linkType: hard

"@rolldown/binding-linux-arm64-musl@npm:1.0.0-beta.45":
  version: 1.0.0-beta.45
  resolution: "@rolldown/binding-linux-arm64-musl@npm:1.0.0-beta.45"
  conditions: os=linux & cpu=arm64 & libc=musl
  languageName: node
  linkType: hard

"@rolldown/binding-linux-x64-gnu@npm:1.0.0-beta.45":
  version: 1.0.0-beta.45
  resolution: "@rolldown/binding-linux-x64-gnu@npm:1.0.0-beta.45"
  conditions: os=linux & cpu=x64 & libc=glibc
  languageName: node
  linkType: hard

"@rolldown/binding-linux-x64-musl@npm:1.0.0-beta.45":
  version: 1.0.0-beta.45
  resolution: "@rolldown/binding-linux-x64-musl@npm:1.0.0-beta.45"
  conditions: os=linux & cpu=x64 & libc=musl
  languageName: node
  linkType: hard

"@rolldown/binding-openharmony-arm64@npm:1.0.0-beta.45":
  version: 1.0.0-beta.45
  resolution: "@rolldown/binding-openharmony-arm64@npm:1.0.0-beta.45"
  conditions: os=openharmony & cpu=arm64
  languageName: node
  linkType: hard

"@rolldown/binding-wasm32-wasi@npm:1.0.0-beta.45":
  version: 1.0.0-beta.45
  resolution: "@rolldown/binding-wasm32-wasi@npm:1.0.0-beta.45"
  dependencies:
    "@napi-rs/wasm-runtime": "npm:^1.0.7"
  conditions: cpu=wasm32
  languageName: node
  linkType: hard

"@rolldown/binding-win32-arm64-msvc@npm:1.0.0-beta.45":
  version: 1.0.0-beta.45
  resolution: "@rolldown/binding-win32-arm64-msvc@npm:1.0.0-beta.45"
  conditions: os=win32 & cpu=arm64
  languageName: node
  linkType: hard

"@rolldown/binding-win32-ia32-msvc@npm:1.0.0-beta.45":
  version: 1.0.0-beta.45
  resolution: "@rolldown/binding-win32-ia32-msvc@npm:1.0.0-beta.45"
  conditions: os=win32 & cpu=ia32
  languageName: node
  linkType: hard

"@rolldown/binding-win32-x64-msvc@npm:1.0.0-beta.45":
  version: 1.0.0-beta.45
  resolution: "@rolldown/binding-win32-x64-msvc@npm:1.0.0-beta.45"
  conditions: os=win32 & cpu=x64
  languageName: node
  linkType: hard

"@rolldown/pluginutils@npm:1.0.0-beta.45":
  version: 1.0.0-beta.45
  resolution: "@rolldown/pluginutils@npm:1.0.0-beta.45"
  checksum: 10c0/54f067b07beca4f416dcc4a126718138f0da2efb29c4cf20f688d18eadfc66e69d859a7f551ecde2c58abbb9a03eafc675d5f1a1430ae2f67c61ecbfe59d1d7c
  languageName: node
  linkType: hard

"@tybys/wasm-util@npm:^0.10.1":
  version: 0.10.2
  resolution: "@tybys/wasm-util@npm:0.10.2"
  dependencies:
    tslib: "npm:^2.4.0"
  checksum: 10c0/26165bcd1fd7269f42d7fbe3de318f854a8968de8397e89fc9a423bb3e2da35a52150f382e6323b3367595beb16d9800a6f35971a5599daf76da1742ec3afc25
  languageName: node
  linkType: hard

"ansis@npm:^4.2.0":
  version: 4.3.0
  resolution: "ansis@npm:4.3.0"
  checksum: 10c0/ef9992c645ca9713f509488e02e600c87986366888c7338fbea300a86a9a82949b011687084275670f6c6a2e009aa2174c06428f6f279aaf3263811b12a25bea
  languageName: node
  linkType: hard

"ast-kit@npm:^2.2.0":
  version: 2.2.0
  resolution: "ast-kit@npm:2.2.0"
  dependencies:
    "@babel/parser": "npm:^7.28.5"
    pathe: "npm:^2.0.3"
  checksum: 10c0/d885f3a4e9837e730451a667d26936eef34773d6e5ecacd771a3e9d1f82fdc45d38958ab35e18880e0cf667896604a599497c5186f2578cf73c0d802ed7fc697
  languageName: node
  linkType: hard

"birpc@npm:^2.8.0":
  version: 2.9.0
  resolution: "birpc@npm:2.9.0"
  checksum: 10c0/2462d0d67061f95bae213b0b9b323a6643ff749f7457a25242897c99e31355f1bd522c17f83ecf57506351e3e28b4e38c12a39b8beddee2dd0cbf78f9b9876ce
  languageName: node
  linkType: hard

"cac@npm:^6.7.14":
  version: 6.7.14
  resolution: "cac@npm:6.7.14"
  checksum: 10c0/4ee06aaa7bab8981f0d54e5f5f9d4adcd64058e9697563ce336d8a3878ed018ee18ebe5359b2430eceae87e0758e62ea2019c3f52ae6e211b1bd2e133856cd10
  languageName: node
  linkType: hard

"chokidar@npm:^4.0.3":
  version: 4.0.3
  resolution: "chokidar@npm:4.0.3"
  dependencies:
    readdirp: "npm:^4.0.1"
  checksum: 10c0/a58b9df05bb452f7d105d9e7229ac82fa873741c0c40ddcc7bb82f8a909fbe3f7814c9ebe9bc9a2bef9b737c0ec6e2d699d179048ef06ad3ec46315df0ebe6ad
  languageName: node
  linkType: hard

"debug@npm:^4.4.3":
  version: 4.4.3
  resolution: "debug@npm:4.4.3"
  dependencies:
    ms: "npm:^2.1.3"
  peerDependenciesMeta:
    supports-color:
      optional: true
  checksum: 10c0/d79136ec6c83ecbefd0f6a5593da6a9c91ec4d7ddc4b54c883d6e71ec9accb5f67a1a5e96d00a328196b5b5c86d365e98d8a3a70856aaf16b4e7b1985e67f5a6
  languageName: node
  linkType: hard

"defu@npm:^6.1.4":
  version: 6.1.7
  resolution: "defu@npm:6.1.7"
  checksum: 10c0/e6635388103c8be3c574ac31302f6930e5e6eeedba32cb1b30cf993c7d9fb571aec2485446dfa23bfa63e55e66156fe109027a9695db82a50f931e91e8d4bedb
  languageName: node
  linkType: hard

"diff@npm:^8.0.2":
  version: 8.0.4
  resolution: "diff@npm:8.0.4"
  checksum: 10c0/7ee5d03926db4039be7252ac3b0abaae1bd122a2ca971e5ca7270e444e36ff83dd906fad1a719740ca347e97ed5dc8f458a76a8391dbcd7aff363bdafb348a00
  languageName: node
  linkType: hard

"dts-resolver@npm:^2.1.3":
  version: 2.1.3
  resolution: "dts-resolver@npm:2.1.3"
  peerDependencies:
    oxc-resolver: ">=11.0.0"
  peerDependenciesMeta:
    oxc-resolver:
      optional: true
  checksum: 10c0/bf589ba9bfacdb23ff9c075948175f5a21ae0bccb2ca36f8315bff2729358902256ee7aca972f5b259641f08a4b5973034e082a730113d5af76e64062e45fe3a
  languageName: node
  linkType: hard

"empathic@npm:^2.0.0":
  version: 2.0.1
  resolution: "empathic@npm:2.0.1"
  checksum: 10c0/577f2868bfcad4ffbf911b57c75016125eb8cc8a7d32cf2d3e9fbcb31bfe6e9e6b66d9457ac34ccb2cd38bff353b3af34287899e0360b8c561ff6d4a048aca62
  languageName: node
  linkType: hard

"fdir@npm:^6.5.0":
  version: 6.5.0
  resolution: "fdir@npm:6.5.0"
  peerDependencies:
    picomatch: ^3 || ^4
  peerDependenciesMeta:
    picomatch:
      optional: true
  checksum: 10c0/e345083c4306b3aed6cb8ec551e26c36bab5c511e99ea4576a16750ddc8d3240e63826cc624f5ae17ad4dc82e68a253213b60d556c11bfad064b7607847ed07f
  languageName: node
  linkType: hard

"get-tsconfig@npm:^4.13.0":
  version: 4.14.0
  resolution: "get-tsconfig@npm:4.14.0"
  dependencies:
    resolve-pkg-maps: "npm:^1.0.0"
  checksum: 10c0/abc2b9275468eb589079a0b7a95eb5107c14fdd0ca6dda1bff116fe774ea1f79975421dcb22a0c86b4f820fcc69a7655dddf9b6d6a8a2c06fcb59e19794c0724
  languageName: node
  linkType: hard

"hookable@npm:^5.5.3":
  version: 5.5.3
  resolution: "hookable@npm:5.5.3"
  checksum: 10c0/275f4cc84d27f8d48c5a5cd5685b6c0fea9291be9deea5bff0cfa72856ed566abde1dcd8cb1da0f9a70b4da3d7ec0d60dc3554c4edbba647058cc38816eced3d
  languageName: node
  linkType: hard

"jiti@npm:^2.6.1":
  version: 2.7.0
  resolution: "jiti@npm:2.7.0"
  bin:
    jiti: lib/jiti-cli.mjs
  checksum: 10c0/1b1e2310a490dce1aeea3da5f5dfe18273516c20ce48be2e98eb8ea452d5f3dcc8fd0cfd6d28b4052a24c5dbab6e3089b2d7e79f0bce7915b10d750929563c42
  languageName: node
  linkType: hard

"jsesc@npm:^3.0.2":
  version: 3.1.0
  resolution: "jsesc@npm:3.1.0"
  bin:
    jsesc: bin/jsesc
  checksum: 10c0/531779df5ec94f47e462da26b4cbf05eb88a83d9f08aac2ba04206508fc598527a153d08bd462bae82fc78b3eaa1a908e1a4a79f886e9238641c4cdefaf118b1
  languageName: node
  linkType: hard

"magic-string@npm:^0.30.21":
  version: 0.30.21
  resolution: "magic-string@npm:0.30.21"
  dependencies:
    "@jridgewell/sourcemap-codec": "npm:^1.5.5"
  checksum: 10c0/299378e38f9a270069fc62358522ddfb44e94244baa0d6a8980ab2a9b2490a1d03b236b447eee309e17eb3bddfa482c61259d47960eb018a904f0ded52780c4a
  languageName: node
  linkType: hard

"ms@npm:^2.1.3":
  version: 2.1.3
  resolution: "ms@npm:2.1.3"
  checksum: 10c0/d924b57e7312b3b63ad21fc5b3dc0af5e78d61a1fc7cfb5457edaf26326bf62be5307cc87ffb6862ef1c2b33b0233cdb5d4f01c4c958cc0d660948b65a287a48
  languageName: node
  linkType: hard

"obug@npm:^2.0.0":
  version: 2.1.1
  resolution: "obug@npm:2.1.1"
  checksum: 10c0/59dccd7de72a047e08f8649e94c1015ec72f94eefb6ddb57fb4812c4b425a813bc7e7cd30c9aca20db3c59abc3c85cc7a62bb656a968741d770f4e8e02bc2e78
  languageName: node
  linkType: hard

"pathe@npm:^2.0.3":
  version: 2.0.3
  resolution: "pathe@npm:2.0.3"
  checksum: 10c0/c118dc5a8b5c4166011b2b70608762e260085180bb9e33e80a50dcdb1e78c010b1624f4280c492c92b05fc276715a4c357d1f9edc570f8f1b3d90b6839ebaca1
  languageName: node
  linkType: hard

"picomatch@npm:^4.0.4":
  version: 4.0.4
  resolution: "picomatch@npm:4.0.4"
  checksum: 10c0/e2c6023372cc7b5764719a5ffb9da0f8e781212fa7ca4bd0562db929df8e117460f00dff3cb7509dacfc06b86de924b247f504d0ce1806a37fac4633081466b0
  languageName: node
  linkType: hard

"quansync@npm:^1.0.0":
  version: 1.0.0
  resolution: "quansync@npm:1.0.0"
  checksum: 10c0/076542634399a0cc46078baab6b31acee7a88c5a435234345f645aedaa42bc6a63836e655fb39b1b21a83c98ec86a4b73ec5e2b2d6f3fdc22711eeeff9463253
  languageName: node
  linkType: hard

"readdirp@npm:^4.0.1":
  version: 4.1.2
  resolution: "readdirp@npm:4.1.2"
  checksum: 10c0/60a14f7619dec48c9c850255cd523e2717001b0e179dc7037cfa0895da7b9e9ab07532d324bfb118d73a710887d1e35f79c495fa91582784493e085d18c72c62
  languageName: node
  linkType: hard

"resolve-pkg-maps@npm:^1.0.0":
  version: 1.0.0
  resolution: "resolve-pkg-maps@npm:1.0.0"
  checksum: 10c0/fb8f7bbe2ca281a73b7ef423a1cbc786fb244bd7a95cbe5c3fba25b27d327150beca8ba02f622baea65919a57e061eb5005204daa5f93ed590d9b77463a567ab
  languageName: node
  linkType: hard

"rolldown-plugin-dts@npm:^0.17.2":
  version: 0.17.8
  resolution: "rolldown-plugin-dts@npm:0.17.8"
  dependencies:
    "@babel/generator": "npm:^7.28.5"
    "@babel/parser": "npm:^7.28.5"
    "@babel/types": "npm:^7.28.5"
    ast-kit: "npm:^2.2.0"
    birpc: "npm:^2.8.0"
    dts-resolver: "npm:^2.1.3"
    get-tsconfig: "npm:^4.13.0"
    magic-string: "npm:^0.30.21"
    obug: "npm:^2.0.0"
  peerDependencies:
    "@ts-macro/tsc": ^0.3.6
    "@typescript/native-preview": ">=7.0.0-dev.20250601.1"
    rolldown: ^1.0.0-beta.44
    typescript: ^5.0.0
    vue-tsc: ~3.1.0
  peerDependenciesMeta:
    "@ts-macro/tsc":
      optional: true
    "@typescript/native-preview":
      optional: true
    typescript:
      optional: true
    vue-tsc:
      optional: true
  checksum: 10c0/ec94c4d724522dcb66b59b4c9af24598d0fd4a2f86cd461da23eb7a04549939bc70d2ce7a391adcfed4d40100e62f122d5bf4a593273e0815a697ebce29852fa
  languageName: node
  linkType: hard

"rolldown@npm:1.0.0-beta.45":
  version: 1.0.0-beta.45
  resolution: "rolldown@npm:1.0.0-beta.45"
  dependencies:
    "@oxc-project/types": "npm:=0.95.0"
    "@rolldown/binding-android-arm64": "npm:1.0.0-beta.45"
    "@rolldown/binding-darwin-arm64": "npm:1.0.0-beta.45"
    "@rolldown/binding-darwin-x64": "npm:1.0.0-beta.45"
    "@rolldown/binding-freebsd-x64": "npm:1.0.0-beta.45"
    "@rolldown/binding-linux-arm-gnueabihf": "npm:1.0.0-beta.45"
    "@rolldown/binding-linux-arm64-gnu": "npm:1.0.0-beta.45"
    "@rolldown/binding-linux-arm64-musl": "npm:1.0.0-beta.45"
    "@rolldown/binding-linux-x64-gnu": "npm:1.0.0-beta.45"
    "@rolldown/binding-linux-x64-musl": "npm:1.0.0-beta.45"
    "@rolldown/binding-openharmony-arm64": "npm:1.0.0-beta.45"
    "@rolldown/binding-wasm32-wasi": "npm:1.0.0-beta.45"
    "@rolldown/binding-win32-arm64-msvc": "npm:1.0.0-beta.45"
    "@rolldown/binding-win32-ia32-msvc": "npm:1.0.0-beta.45"
    "@rolldown/binding-win32-x64-msvc": "npm:1.0.0-beta.45"
    "@rolldown/pluginutils": "npm:1.0.0-beta.45"
  dependenciesMeta:
    "@rolldown/binding-android-arm64":
      optional: true
    "@rolldown/binding-darwin-arm64":
      optional: true
    "@rolldown/binding-darwin-x64":
      optional: true
    "@rolldown/binding-freebsd-x64":
      optional: true
    "@rolldown/binding-linux-arm-gnueabihf":
      optional: true
    "@rolldown/binding-linux-arm64-gnu":
      optional: true
    "@rolldown/binding-linux-arm64-musl":
      optional: true
    "@rolldown/binding-linux-x64-gnu":
      optional: true
    "@rolldown/binding-linux-x64-musl":
      optional: true
    "@rolldown/binding-openharmony-arm64":
      optional: true
    "@rolldown/binding-wasm32-wasi":
      optional: true
    "@rolldown/binding-win32-arm64-msvc":
      optional: true
    "@rolldown/binding-win32-ia32-msvc":
      optional: true
    "@rolldown/binding-win32-x64-msvc":
      optional: true
  bin:
    rolldown: bin/cli.mjs
  checksum: 10c0/6b3f7dd9e6680ea2f880a76386f8bf0f7d11c7097dbef11efa38b5b60ef13fc743ba69c372da51e4ed2a67675ed889dc332709d4487256cb47eeed0be8fe7ab4
  languageName: node
  linkType: hard

"rtfbuilder-jsx-runtime@workspace:.":
  version: 0.0.0-use.local
  resolution: "rtfbuilder-jsx-runtime@workspace:."
  dependencies:
    tsdown: "npm:^0.15"
    typescript: "npm:^5"
  languageName: unknown
  linkType: soft

"semver@npm:^7.7.3":
  version: 7.8.1
  resolution: "semver@npm:7.8.1"
  bin:
    semver: bin/semver.js
  checksum: 10c0/92d6871d6347e1f99d0ba396a70f2545ccf2a032cda3d378fa0699edf7506b5c6d266aed55c8b88e72bd91a30d2351e4f39db479375374430fcdc4b58f4e3c1a
  languageName: node
  linkType: hard

"tinyexec@npm:^1.0.1":
  version: 1.2.2
  resolution: "tinyexec@npm:1.2.2"
  checksum: 10c0/8bcb4969c572c21d570c033e29cb896e26d96e49e58f4fe07a532d3d65e10bdfae59733bf8a6a0fd9b611543c4ed3b890c939c3234489599296fb92515eb4625
  languageName: node
  linkType: hard

"tinyglobby@npm:^0.2.15":
  version: 0.2.16
  resolution: "tinyglobby@npm:0.2.16"
  dependencies:
    fdir: "npm:^6.5.0"
    picomatch: "npm:^4.0.4"
  checksum: 10c0/f2e09fd93dd95c41e522113b686ff6f7c13020962f8698a864a257f3d7737599afc47722b7ab726e12f8a813f779906187911ff8ee6701ede65072671a7e934b
  languageName: node
  linkType: hard

"tree-kill@npm:^1.2.2":
  version: 1.2.2
  resolution: "tree-kill@npm:1.2.2"
  bin:
    tree-kill: cli.js
  checksum: 10c0/7b1b7c7f17608a8f8d20a162e7957ac1ef6cd1636db1aba92f4e072dc31818c2ff0efac1e3d91064ede67ed5dc57c565420531a8134090a12ac10cf792ab14d2
  languageName: node
  linkType: hard

"tsdown@npm:^0.15":
  version: 0.15.12
  resolution: "tsdown@npm:0.15.12"
  dependencies:
    ansis: "npm:^4.2.0"
    cac: "npm:^6.7.14"
    chokidar: "npm:^4.0.3"
    debug: "npm:^4.4.3"
    diff: "npm:^8.0.2"
    empathic: "npm:^2.0.0"
    hookable: "npm:^5.5.3"
    rolldown: "npm:1.0.0-beta.45"
    rolldown-plugin-dts: "npm:^0.17.2"
    semver: "npm:^7.7.3"
    tinyexec: "npm:^1.0.1"
    tinyglobby: "npm:^0.2.15"
    tree-kill: "npm:^1.2.2"
    unconfig: "npm:^7.3.3"
  peerDependencies:
    "@arethetypeswrong/core": ^0.18.1
    publint: ^0.3.0
    typescript: ^5.0.0
    unplugin-lightningcss: ^0.4.0
    unplugin-unused: ^0.5.0
    unrun: ^0.2.1
  peerDependenciesMeta:
    "@arethetypeswrong/core":
      optional: true
    publint:
      optional: true
    typescript:
      optional: true
    unplugin-lightningcss:
      optional: true
    unplugin-unused:
      optional: true
    unrun:
      optional: true
  bin:
    tsdown: dist/run.mjs
  checksum: 10c0/01e394848192bb89b69c508bcc956d231f3f2696f383c6c9bf2700d99e23765242fa0286ae0b27f39617f79979cc35beea529367e2db47eee2b9068ba462b774
  languageName: node
  linkType: hard

"tslib@npm:^2.4.0":
  version: 2.8.1
  resolution: "tslib@npm:2.8.1"
  checksum: 10c0/9c4759110a19c53f992d9aae23aac5ced636e99887b51b9e61def52611732872ff7668757d4e4c61f19691e36f4da981cd9485e869b4a7408d689f6bf1f14e62
  languageName: node
  linkType: hard

"typescript@npm:^5":
  version: 5.9.3
  resolution: "typescript@npm:5.9.3"
  bin:
    tsc: bin/tsc
    tsserver: bin/tsserver
  checksum: 10c0/6bd7552ce39f97e711db5aa048f6f9995b53f1c52f7d8667c1abdc1700c68a76a308f579cd309ce6b53646deb4e9a1be7c813a93baaf0a28ccd536a30270e1c5
  languageName: node
  linkType: hard

"typescript@patch:typescript@npm%3A^5#optional!builtin<compat/typescript>":
  version: 5.9.3
  resolution: "typescript@patch:typescript@npm%3A5.9.3#optional!builtin<compat/typescript>::version=5.9.3&hash=5786d5"
  bin:
    tsc: bin/tsc
    tsserver: bin/tsserver
  checksum: 10c0/ad09fdf7a756814dce65bc60c1657b40d44451346858eea230e10f2e95a289d9183b6e32e5c11e95acc0ccc214b4f36289dcad4bf1886b0adb84d711d336a430
  languageName: node
  linkType: hard

"unconfig-core@npm:7.5.0":
  version: 7.5.0
  resolution: "unconfig-core@npm:7.5.0"
  dependencies:
    "@quansync/fs": "npm:^1.0.0"
    quansync: "npm:^1.0.0"
  checksum: 10c0/9c9f745254aa8e267140430a432353d17ee87f625b0ea0668e189d88736828d117b66bd2dd41f1d48bd40d44d5b7c7d160e8b7996a60c8f484e2975ef73c7cb7
  languageName: node
  linkType: hard

"unconfig@npm:^7.3.3":
  version: 7.5.0
  resolution: "unconfig@npm:7.5.0"
  dependencies:
    "@quansync/fs": "npm:^1.0.0"
    defu: "npm:^6.1.4"
    jiti: "npm:^2.6.1"
    quansync: "npm:^1.0.0"
    unconfig-core: "npm:7.5.0"
  checksum: 10c0/940cb2b30d802e4edbb36c0469d122ec5d2402b20635aa71c223d24db431e2b83624672d1b42ba0023085111f3dddccc77516d23b79e1f0d6c67798a1351820c
  languageName: node
  linkType: hard
